
Microsoft Visual Studio Solution File, Format Version 12.00
# Visual Studio Version 17
VisualStudioVersion = 17.8.34316.72
MinimumVisualStudioVersion = 10.0.40219.1
Project("{FAE04EC0-301F-11D3-BF4B-00C04F79EFBC}") = "HelloWorld", "HelloWorld\HelloWorld.csproj", "{EAF0CD0D-A18A-4913-BFAA-45660C839F41}"
EndProject
Project("{FAE04EC0-301F-11D3-BF4B-00C04F79EFBC}") = "Inheritance", "Inheritance\Inheritance.csproj", "{37A6F950-1FE8-48B9-84CB-3E37B0915CF5}"
EndProject
Global
	GlobalSection(SolutionConfigurationPlatforms) = preSolution
		Debug|Any CPU = Debug|Any CPU
		Release|Any CPU = Release|Any CPU
	EndGlobalSection
	GlobalSection(ProjectConfigurationPlatforms) = postSolution
		{EAF0CD0D-A18A-4913-BFAA-45660C839F41}.Debug|Any CPU.ActiveCfg = Debug|Any CPU
		{EAF0CD0D-A18A-4913-BFAA-45660C839F41}.Debug|Any CPU.Build.0 = Debug|Any CPU
		{EAF0CD0D-A18A-4913-BFAA-45660C839F41}.Release|Any CPU.ActiveCfg = Release|Any CPU
		{EAF0CD0D-A18A-4913-BFAA-45660C839F41}.Release|Any CPU.Build.0 = Release|Any CPU
		{37A6F950-1FE8-48B9-84CB-3E37B0915CF5}.Debug|Any CPU.ActiveCfg = Debug|Any CPU
		{37A6F950-1FE8-48B9-84CB-3E37B0915CF5}.Debug|Any CPU.Build.0 = Debug|Any CPU
		{37A6F950-1FE8-48B9-84CB-3E37B0915CF5}.Release|Any CPU.ActiveCfg = Release|Any CPU
		{37A6F950-1FE8-48B9-84CB-3E37B0915CF5}.Release|Any CPU.Build.0 = Release|Any CPU
	EndGlobalSection
	GlobalSection(SolutionProperties) = preSolution
		HideSolutionNode = FALSE
	EndGlobalSection
	GlobalSection(ExtensibilityGlobals) = postSolution
		SolutionGuid = {2CB1FA59-C69C-4D4E-B44F-534BDB1719EA}
	EndGlobalSection
EndGlobal
